{
  "object": {
    "pins": [
      {
        "package": "MSAL",
        "repositoryURL": "https://github.com/AzureAD/microsoft-authentication-library-for-objc.git",
        "state": {
          "branch": null,
          "revision": "388018336872c5af694bc7fec987476ac5bc2b7b",
          "version": "1.2.3"
        }
      },
      {
        "package": "sample-package",
        "repositoryURL": "https://github.com/umsheikh/sample-package",
        "state": {
          "branch": "main",
          "revision": "98114180e0930534e859debb3c244d007b7a7c32",
          "version": null
        }
      }
    ]
  },
  "version": 1
}
