{
  "object": {
    "pins": [
      {
        "package": "AppCenter",
        "repositoryURL": "https://github.com/microsoft/appcenter-sdk-apple.git",
        "state": {
          "branch": null,
          "revision": "b2dc99cfedead0bad4e6573d86c5228c89cff332",
          "version": "4.4.3"
        }
      },
      {
        "package": "combine-schedulers",
        "repositoryURL": "https://github.com/pointfreeco/combine-schedulers",
        "state": {
          "branch": null,
          "revision": "8fee20f993e64bbbf22bc3e3f444758ac2d05692",
          "version": "0.7.2"
        }
      },
      {
        "package": "Datadog",
        "repositoryURL": "https://github.com/Datadog/dd-sdk-ios",
        "state": {
          "branch": null,
          "revision": "b5e2d2187202d3562f084378ddea4b6ac0294561",
          "version": "1.11.1"
        }
      },
      {
        "package": "MSAL",
        "repositoryURL": "https://github.com/AzureAD/microsoft-authentication-library-for-objc.git",
        "state": {
          "branch": null,
          "revision": "388018336872c5af694bc7fec987476ac5bc2b7b",
          "version": "1.2.3"
        }
      },
      {
        "package": "PLCrashReporter",
        "repositoryURL": "https://github.com/microsoft/plcrashreporter.git",
        "state": {
          "branch": null,
          "revision": "81cdec2b3827feb03286cb297f4c501a8eb98df1",
          "version": "1.10.2"
        }
      },
      {
        "package": "Siren",
        "repositoryURL": "https://github.com/ArtSabintsev/siren",
        "state": {
          "branch": null,
          "revision": "8afe1fe943260dc5305d869e2c80e6b7f28ca31d",
          "version": "6.0.3"
        }
      },
      {
        "package": "swift-case-paths",
        "repositoryURL": "https://github.com/pointfreeco/swift-case-paths",
        "state": {
          "branch": null,
          "revision": "a09839348486db8866f85a727b8550be1d671c50",
          "version": "0.9.1"
        }
      },
      {
        "package": "swift-collections",
        "repositoryURL": "https://github.com/apple/swift-collections",
        "state": {
          "branch": null,
          "revision": "48254824bb4248676bf7ce56014ff57b142b77eb",
          "version": "1.0.2"
        }
      },
      {
        "package": "swift-composable-architecture",
        "repositoryURL": "https://github.com/pointfreeco/swift-composable-architecture",
        "state": {
          "branch": null,
          "revision": "108e3a536fcebb16c4f247ef92c2d7326baf9fe3",
          "version": "0.39.0"
        }
      },
      {
        "package": "swift-custom-dump",
        "repositoryURL": "https://github.com/pointfreeco/swift-custom-dump",
        "state": {
          "branch": null,
          "revision": "21ec1d717c07cea5a026979cb0471dd95c7087e7",
          "version": "0.5.0"
        }
      },
      {
        "package": "swift-identified-collections",
        "repositoryURL": "https://github.com/pointfreeco/swift-identified-collections",
        "state": {
          "branch": null,
          "revision": "2d6b7ffcc67afd9077fac5e5a29bcd6d39b71076",
          "version": "0.4.0"
        }
      },
      {
        "package": "SnapshotTesting",
        "repositoryURL": "https://github.com/pointfreeco/swift-snapshot-testing",
        "state": {
          "branch": null,
          "revision": "f8a9c997c3c1dab4e216a8ec9014e23144cbab37",
          "version": "1.9.0"
        }
      },
      {
        "package": "swiftui-navigation",
        "repositoryURL": "https://github.com/pointfreeco/swiftui-navigation",
        "state": {
          "branch": null,
          "revision": "7191be709528b0d0040105c7071d35fbb923d462",
          "version": "0.2.0"
        }
      },
      {
        "package": "TrustKit",
        "repositoryURL": "https://github.com/datatheorem/TrustKit",
        "state": {
          "branch": null,
          "revision": "3c953558d61fdd9b136d981764e3242bd92b2648",
          "version": "1.7.0"
        }
      },
      {
        "package": "TwilioVoice",
        "repositoryURL": "https://github.com/twilio/twilio-voice-ios",
        "state": {
          "branch": null,
          "revision": "f7406124b319d2dfdc401c6b80206e43679a6b6f",
          "version": "6.4.3"
        }
      },
      {
        "package": "xctest-dynamic-overlay",
        "repositoryURL": "https://github.com/pointfreeco/xctest-dynamic-overlay",
        "state": {
          "branch": null,
          "revision": "38bc9242e4388b80bd23ddfdf3071428859e3260",
          "version": "0.4.0"
        }
      }
    ]
  },
  "version": 1
}
